
Microsoft Visual Studio Solution File, Format Version 12.00
# Visual Studio 2013
VisualStudioVersion = 12.0.30723.0
MinimumVisualStudioVersion = 10.0.40219.1
Project("{FAE04EC0-301F-11D3-BF4B-00C04F79EFBC}") = "Websites-ARM-SampleExplorer", "Websites-ARM-SampleExplorer\Websites-ARM-SampleExplorer.csproj", "{8433D127-8CAB-4726-9A3A-F9C7128E170B}"
EndProject
Project("{2150E333-8FDC-42A3-9474-1A3956D46DE8}") = "Solution Items", "Solution Items", "{BD2B0DAF-43AA-4D77-AA23-FCB5612529AC}"
	ProjectSection(SolutionItems) = preProject
		README.md = README.md
	EndProjectSection
EndProject
Global
	GlobalSection(SolutionConfigurationPlatforms) = preSolution
		Debug|Any CPU = Debug|Any CPU
		Release|Any CPU = Release|Any CPU
	EndGlobalSection
	GlobalSection(ProjectConfigurationPlatforms) = postSolution
		{8433D127-8CAB-4726-9A3A-F9C7128E170B}.Debug|Any CPU.ActiveCfg = Debug|Any CPU
		{8433D127-8CAB-4726-9A3A-F9C7128E170B}.Debug|Any CPU.Build.0 = Debug|Any CPU
		{8433D127-8CAB-4726-9A3A-F9C7128E170B}.Release|Any CPU.ActiveCfg = Release|Any CPU
		{8433D127-8CAB-4726-9A3A-F9C7128E170B}.Release|Any CPU.Build.0 = Release|Any CPU
	EndGlobalSection
	GlobalSection(SolutionProperties) = preSolution
		HideSolutionNode = FALSE
	EndGlobalSection
EndGlobal
